
Microsoft Visual Studio Solution File, Format Version 12.00
# Visual Studio Version 18
VisualStudioVersion = 18.1.11312.151
MinimumVisualStudioVersion = 10.0.40219.1
Project("{FAE04EC0-301F-11D3-BF4B-00C04F79EFBC}") = "SudokuNet", "src\SudokuNet\SudokuNet.csproj", "{8B20C901-CF7F-FE20-2783-819F60241DF1}"
EndProject
Project("{FAE04EC0-301F-11D3-BF4B-00C04F79EFBC}") = "SudokuNet.Tests", "tests\SudokuNet.Tests\SudokuNet.Tests.csproj", "{D2F704C0-5FCD-4DD7-91F2-C0F4CA0446EA}"
EndProject
Project("{FAE04EC0-301F-11D3-BF4B-00C04F79EFBC}") = "SudokuDemo", "src\SudokuDemo\SudokuDemo.csproj", "{9242AE97-8C02-484B-A2A0-2B9D0BDBB55E}"
EndProject
Global
	GlobalSection(SolutionConfigurationPlatforms) = preSolution
		Debug|Any CPU = Debug|Any CPU
		Release|Any CPU = Release|Any CPU
	EndGlobalSection
	GlobalSection(ProjectConfigurationPlatforms) = postSolution
		{8B20C901-CF7F-FE20-2783-819F60241DF1}.Debug|Any CPU.ActiveCfg = Debug|Any CPU
		{8B20C901-CF7F-FE20-2783-819F60241DF1}.Debug|Any CPU.Build.0 = Debug|Any CPU
		{8B20C901-CF7F-FE20-2783-819F60241DF1}.Release|Any CPU.ActiveCfg = Release|Any CPU
		{8B20C901-CF7F-FE20-2783-819F60241DF1}.Release|Any CPU.Build.0 = Release|Any CPU
		{D2F704C0-5FCD-4DD7-91F2-C0F4CA0446EA}.Debug|Any CPU.ActiveCfg = Debug|Any CPU
		{D2F704C0-5FCD-4DD7-91F2-C0F4CA0446EA}.Debug|Any CPU.Build.0 = Debug|Any CPU
		{D2F704C0-5FCD-4DD7-91F2-C0F4CA0446EA}.Release|Any CPU.ActiveCfg = Release|Any CPU
		{D2F704C0-5FCD-4DD7-91F2-C0F4CA0446EA}.Release|Any CPU.Build.0 = Release|Any CPU
		{9242AE97-8C02-484B-A2A0-2B9D0BDBB55E}.Debug|Any CPU.ActiveCfg = Debug|Any CPU
		{9242AE97-8C02-484B-A2A0-2B9D0BDBB55E}.Debug|Any CPU.Build.0 = Debug|Any CPU
		{9242AE97-8C02-484B-A2A0-2B9D0BDBB55E}.Release|Any CPU.ActiveCfg = Release|Any CPU
		{9242AE97-8C02-484B-A2A0-2B9D0BDBB55E}.Release|Any CPU.Build.0 = Release|Any CPU
	EndGlobalSection
	GlobalSection(SolutionProperties) = preSolution
		HideSolutionNode = FALSE
	EndGlobalSection
	GlobalSection(ExtensibilityGlobals) = postSolution
		SolutionGuid = {0906D073-2D2E-4DA8-9B63-3D72BFC92027}
	EndGlobalSection
EndGlobal
